
Microsoft Visual Studio Solution File, Format Version 12.00
# Visual Studio Version 17
VisualStudioVersion = 17.4.33403.182
MinimumVisualStudioVersion = 10.0.40219.1
Project("{FAE04EC0-301F-11D3-BF4B-00C04F79EFBC}") = "Casgem_Portfolio", "Casgem_Portfolio\Casgem_Portfolio.csproj", "{D603BEE7-6C28-4C33-B068-88DF32BC8E2D}"
EndProject
Global
	GlobalSection(SolutionConfigurationPlatforms) = preSolution
		Debug|Any CPU = Debug|Any CPU
		Release|Any CPU = Release|Any CPU
	EndGlobalSection
	GlobalSection(ProjectConfigurationPlatforms) = postSolution
		{D603BEE7-6C28-4C33-B068-88DF32BC8E2D}.Debug|Any CPU.ActiveCfg = Debug|Any CPU
		{D603BEE7-6C28-4C33-B068-88DF32BC8E2D}.Debug|Any CPU.Build.0 = Debug|Any CPU
		{D603BEE7-6C28-4C33-B068-88DF32BC8E2D}.Release|Any CPU.ActiveCfg = Release|Any CPU
		{D603BEE7-6C28-4C33-B068-88DF32BC8E2D}.Release|Any CPU.Build.0 = Release|Any CPU
	EndGlobalSection
	GlobalSection(SolutionProperties) = preSolution
		HideSolutionNode = FALSE
	EndGlobalSection
	GlobalSection(ExtensibilityGlobals) = postSolution
		SolutionGuid = {4BF07BFE-FA40-45DD-82C1-2D09BBCC10B5}
	EndGlobalSection
EndGlobal
